// !$*UTF8*$!
{
	archiveVersion = 1;
	classes = {
	};
	objectVersion = 77;
	objects = {

/* Begin PBXBuildFile section */
		09B7E4626804496E1984EDFF /* Assets.xcassets in Resources */ = {isa = PBXBuildFile; fileRef = 78F623BD250D3308A5C58730 /* Assets.xcassets */; };
		0D0A57207DA072F43E1862AC /* AppRuntimeBoundary.swift in Sources */ = {isa = PBXBuildFile; fileRef = 901DD1227751F518D3265B4B /* AppRuntimeBoundary.swift */; };
		10E4339CF3515D36E2A66AAB /* AuthSession.swift in Sources */ = {isa = PBXBuildFile; fileRef = C37D6C6C19501D7A09690DBC /* AuthSession.swift */; };
		112871D3E216094034CC342B /* ReminderStore.swift in Sources */ = {isa = PBXBuildFile; fileRef = 871BD4E6C5423FBBB43C168D /* ReminderStore.swift */; };
		19214B7721DC2F78026511BE /* Amplify in Frameworks */ = {isa = PBXBuildFile; productRef = 34AD5BAF02D35CE78F6549C4 /* Amplify */; };
		1B367673938BEF897C285682 /* SAVYApp.swift in Sources */ = {isa = PBXBuildFile; fileRef = BE63B27DF6EFB1D75DC8FB0A /* SAVYApp.swift */; };
		1BC480F076BA7FF0EE901491 /* ReminderRepository.swift in Sources */ = {isa = PBXBuildFile; fileRef = 4102AF21CEECC9B183B07C38 /* ReminderRepository.swift */; };
		1BD0BEF6DD141ABC2A8412B5 /* ReminderFormView.swift in Sources */ = {isa = PBXBuildFile; fileRef = 9B3873F2C7A6AEBD1AFB0561 /* ReminderFormView.swift */; };
		1F0E305B0865D0800425DAC5 /* CaptureEntry.swift in Sources */ = {isa = PBXBuildFile; fileRef = 0DA56611B45F0D0FC844211C /* CaptureEntry.swift */; };
		1F81165E193B169485545DDD /* AWSGraphClient.swift in Sources */ = {isa = PBXBuildFile; fileRef = 17179B6886F43D8A8BB3911C /* AWSGraphClient.swift */; };
		248A9C5F73ABF9BB58FDD8AF /* LeverageModels.swift in Sources */ = {isa = PBXBuildFile; fileRef = 451BB5DA28F4CB244411B091 /* LeverageModels.swift */; };
		2F99A401D34AE9874D9DC0C1 /* AuthenticationStore.swift in Sources */ = {isa = PBXBuildFile; fileRef = ABE0950195FA99739FEAC0D6 /* AuthenticationStore.swift */; };
		30E1FAF4AAEA57F8E140455B /* SavyTabIcons.swift in Sources */ = {isa = PBXBuildFile; fileRef = 1AB98C88BA63D0971CEB1742 /* SavyTabIcons.swift */; };
		35D52FC6DAAFF4C35E38B654 /* MetadataEntryStore.swift in Sources */ = {isa = PBXBuildFile; fileRef = B62835A3E93CCCE1E25CCDA2 /* MetadataEntryStore.swift */; };
		36DD3D2EEA72D150910202CC /* BodoniModa-Regular.ttf in Resources */ = {isa = PBXBuildFile; fileRef = B54FEFBEF48D0376704923F0 /* BodoniModa-Regular.ttf */; };
		3F2B98948BEA2C1E3D499561 /* AuthGateView.swift in Sources */ = {isa = PBXBuildFile; fileRef = 9B2DF20B40B53767A8A8656D /* AuthGateView.swift */; };
		3F8FE417FB159DD5CC726CA6 /* Roboto-Medium.ttf in Resources */ = {isa = PBXBuildFile; fileRef = BDBCD45614EE9024C26E8476 /* Roboto-Medium.ttf */; };
		57E78791EDB9525E26984968 /* LeverageContent.swift in Sources */ = {isa = PBXBuildFile; fileRef = 1BD761F7DE8C3F6784C607CC /* LeverageContent.swift */; };
		5B9B549AF1A3816E6A154BA0 /* ReminderLocationProvider.swift in Sources */ = {isa = PBXBuildFile; fileRef = DA7BB7AA8C7BCE337E18D90E /* ReminderLocationProvider.swift */; };
		5F11AD82C6365074CA1A87A7 /* CaptureStore.swift in Sources */ = {isa = PBXBuildFile; fileRef = 7E869D9555384C4E876A5056 /* CaptureStore.swift */; };
		664EB67BC67D378B061A9F6E /* AWSPluginsCore in Frameworks */ = {isa = PBXBuildFile; productRef = CC2B8E911A770411A945616A /* AWSPluginsCore */; };
		75CFCED8B79BC2D6C61D4BDC /* SAVYNativeBoundaryTests.swift in Sources */ = {isa = PBXBuildFile; fileRef = 664A564B57E2C8B78C2C1661 /* SAVYNativeBoundaryTests.swift */; };
		767584B8B60F76528EFEA089 /* SavyTypography.swift in Sources */ = {isa = PBXBuildFile; fileRef = BD27DC0149E185D0D3F20D07 /* SavyTypography.swift */; };
		7B85CB7B937BD41199D6A024 /* MetadataEntry.swift in Sources */ = {isa = PBXBuildFile; fileRef = 777974A93BA9AD820FAE420F /* MetadataEntry.swift */; };
		8066C740B4B0BDADEA45B999 /* CalendarView.swift in Sources */ = {isa = PBXBuildFile; fileRef = D831D78FD50C7055D086693B /* CalendarView.swift */; };
		87D855FACC418AF0944607BD /* BeliefEntryDisplay.swift in Sources */ = {isa = PBXBuildFile; fileRef = B628940E009E8560B8D9EF50 /* BeliefEntryDisplay.swift */; };
		8BC975E4F41657E0093670AB /* NativeNotificationScheduler.swift in Sources */ = {isa = PBXBuildFile; fileRef = 826F7F00C571ECDD018421A2 /* NativeNotificationScheduler.swift */; };
		91BDC3FB046133C9C67A83DA /* RootView.swift in Sources */ = {isa = PBXBuildFile; fileRef = BA02A326CF8327C0B2833F07 /* RootView.swift */; };
		91EA48E78D5BAC34666F30A4 /* SavyNavigation.swift in Sources */ = {isa = PBXBuildFile; fileRef = E1D0B59B31ED879E86FA80A2 /* SavyNavigation.swift */; };
		958C686D7303C29C8B8407C9 /* ReminderNotificationScheduler.swift in Sources */ = {isa = PBXBuildFile; fileRef = DBF301632E7B7DDBCB4E2E96 /* ReminderNotificationScheduler.swift */; };
		9F6BC503481DB377D87643B2 /* AmplifyAuthService.swift in Sources */ = {isa = PBXBuildFile; fileRef = 309B4F10E8CE7EE4541EAB90 /* AmplifyAuthService.swift */; };
		A89DAF0D5D6D98E9E78EE6FC /* ReminderBrandTheme.swift in Sources */ = {isa = PBXBuildFile; fileRef = F1897465A9930CD0D7A40A65 /* ReminderBrandTheme.swift */; };
		AAA2D77A09E280E865841C8C /* SavyShellComponents.swift in Sources */ = {isa = PBXBuildFile; fileRef = A6A831A22DE6C20BC44B1AC8 /* SavyShellComponents.swift */; };
		B08901980D703317D3D7D0D7 /* KeychainSessionStore.swift in Sources */ = {isa = PBXBuildFile; fileRef = 834D0CB07343F5BA04275170 /* KeychainSessionStore.swift */; };
		BB70759B7D2FF0F8C19F5641 /* LeverageDataStore.swift in Sources */ = {isa = PBXBuildFile; fileRef = 6C6C144C69E4ECE420740763 /* LeverageDataStore.swift */; };
		BC6829860ABA267D108308E1 /* amplifyconfiguration.json in Resources */ = {isa = PBXBuildFile; fileRef = 71BED1D3FCF0C25EB8E2B51F /* amplifyconfiguration.json */; };
		C8AF92E504C468AF17F3B019 /* AWSCognitoAuthPlugin in Frameworks */ = {isa = PBXBuildFile; productRef = DE00E65E2BEA2B7AF9BFD1A0 /* AWSCognitoAuthPlugin */; };
		C9960738D9435B15A59E10C1 /* ReminderModels.swift in Sources */ = {isa = PBXBuildFile; fileRef = A50C26D6E893A7ED48A6BB03 /* ReminderModels.swift */; };
		CA1D59D86BCA442507A85B23 /* LocalImageStore.swift in Sources */ = {isa = PBXBuildFile; fileRef = 5D2C98AAE037C6FD17F3D409 /* LocalImageStore.swift */; };
		D4978EC1F20F344B087862B3 /* SavyLocationProvider.swift in Sources */ = {isa = PBXBuildFile; fileRef = 13CD74063706864F16360321 /* SavyLocationProvider.swift */; };
		DA958E6153EFC6478AD8DCDA /* SavyReminderScreens.swift in Sources */ = {isa = PBXBuildFile; fileRef = AA30048EC8E5615CFB651053 /* SavyReminderScreens.swift */; };
		E7F5F0E200B631EE00F748F4 /* SAVYReminderActionCalendarUITests.swift in Sources */ = {isa = PBXBuildFile; fileRef = CF17793E9766BDD8C770DF69 /* SAVYReminderActionCalendarUITests.swift */; };
		EEA7A83657C73B2AD5CC2374 /* ConnectionView.swift in Sources */ = {isa = PBXBuildFile; fileRef = C471C0DAFF40B2987170667F /* ConnectionView.swift */; };
		F6F01445457DD9AD6544F48D /* AWSGraphDiagnostic.swift in Sources */ = {isa = PBXBuildFile; fileRef = E4E7E8BF9260C3CE66E04A7B /* AWSGraphDiagnostic.swift */; };
		FF94BAD45782F70A66588AAB /* BiometricUnlocker.swift in Sources */ = {isa = PBXBuildFile; fileRef = 1980712932DAA83D9DFD66AB /* BiometricUnlocker.swift */; };
/* End PBXBuildFile section */

/* Begin PBXContainerItemProxy section */
		15FB44BCC65BA1A790448C18 /* PBXContainerItemProxy */ = {
			isa = PBXContainerItemProxy;
			containerPortal = 3DA3A1EAB03B2D0873868AC9 /* Project object */;
			proxyType = 1;
			remoteGlobalIDString = F9770833D9C90E9EA5883D75;
			remoteInfo = SAVY;
		};
		BAC460F0FEADEE8458061E9E /* PBXContainerItemProxy */ = {
			isa = PBXContainerItemProxy;
			containerPortal = 3DA3A1EAB03B2D0873868AC9 /* Project object */;
			proxyType = 1;
			remoteGlobalIDString = F9770833D9C90E9EA5883D75;
			remoteInfo = SAVY;
		};
/* End PBXContainerItemProxy section */

/* Begin PBXFileReference section */
		0DA56611B45F0D0FC844211C /* CaptureEntry.swift */ = {isa = PBXFileReference; lastKnownFileType = sourcecode.swift; path = CaptureEntry.swift; sourceTree = "<group>"; };
		13CD74063706864F16360321 /* SavyLocationProvider.swift */ = {isa = PBXFileReference; lastKnownFileType = sourcecode.swift; path = SavyLocationProvider.swift; sourceTree = "<group>"; };
		17179B6886F43D8A8BB3911C /* AWSGraphClient.swift */ = {isa = PBXFileReference; lastKnownFileType = sourcecode.swift; path = AWSGraphClient.swift; sourceTree = "<group>"; };
		1980712932DAA83D9DFD66AB /* BiometricUnlocker.swift */ = {isa = PBXFileReference; lastKnownFileType = sourcecode.swift; path = BiometricUnlocker.swift; sourceTree = "<group>"; };
		1AB98C88BA63D0971CEB1742 /* SavyTabIcons.swift */ = {isa = PBXFileReference; lastKnownFileType = sourcecode.swift; path = SavyTabIcons.swift; sourceTree = "<group>"; };
		1BD761F7DE8C3F6784C607CC /* LeverageContent.swift */ = {isa = PBXFileReference; lastKnownFileType = sourcecode.swift; path = LeverageContent.swift; sourceTree = "<group>"; };
		309B4F10E8CE7EE4541EAB90 /* AmplifyAuthService.swift */ = {isa = PBXFileReference; lastKnownFileType = sourcecode.swift; path = AmplifyAuthService.swift; sourceTree = "<group>"; };
		4102AF21CEECC9B183B07C38 /* ReminderRepository.swift */ = {isa = PBXFileReference; lastKnownFileType = sourcecode.swift; path = ReminderRepository.swift; sourceTree = "<group>"; };
		44B158E4E3B37B90666E0541 /* Info.plist */ = {isa = PBXFileReference; lastKnownFileType = text.plist; path = Info.plist; sourceTree = "<group>"; };
		451BB5DA28F4CB244411B091 /* LeverageModels.swift */ = {isa = PBXFileReference; lastKnownFileType = sourcecode.swift; path = LeverageModels.swift; sourceTree = "<group>"; };
		5503A99385004788C0010715 /* SAVYUITests.xctest */ = {isa = PBXFileReference; includeInIndex = 0; lastKnownFileType = wrapper.cfbundle; path = SAVYUITests.xctest; sourceTree = BUILT_PRODUCTS_DIR; };
		5D2C98AAE037C6FD17F3D409 /* LocalImageStore.swift */ = {isa = PBXFileReference; lastKnownFileType = sourcecode.swift; path = LocalImageStore.swift; sourceTree = "<group>"; };
		664A564B57E2C8B78C2C1661 /* SAVYNativeBoundaryTests.swift */ = {isa = PBXFileReference; lastKnownFileType = sourcecode.swift; path = SAVYNativeBoundaryTests.swift; sourceTree = "<group>"; };
		6C6C144C69E4ECE420740763 /* LeverageDataStore.swift */ = {isa = PBXFileReference; lastKnownFileType = sourcecode.swift; path = LeverageDataStore.swift; sourceTree = "<group>"; };
		71BED1D3FCF0C25EB8E2B51F /* amplifyconfiguration.json */ = {isa = PBXFileReference; lastKnownFileType = text.json; path = amplifyconfiguration.json; sourceTree = "<group>"; };
		777974A93BA9AD820FAE420F /* MetadataEntry.swift */ = {isa = PBXFileReference; lastKnownFileType = sourcecode.swift; path = MetadataEntry.swift; sourceTree = "<group>"; };
		78F623BD250D3308A5C58730 /* Assets.xcassets */ = {isa = PBXFileReference; lastKnownFileType = folder.assetcatalog; path = Assets.xcassets; sourceTree = "<group>"; };
		7E869D9555384C4E876A5056 /* CaptureStore.swift */ = {isa = PBXFileReference; lastKnownFileType = sourcecode.swift; path = CaptureStore.swift; sourceTree = "<group>"; };
		81B8D9162176E51C28F60467 /* SAVY.app */ = {isa = PBXFileReference; includeInIndex = 0; lastKnownFileType = wrapper.application; path = SAVY.app; sourceTree = BUILT_PRODUCTS_DIR; };
		826F7F00C571ECDD018421A2 /* NativeNotificationScheduler.swift */ = {isa = PBXFileReference; lastKnownFileType = sourcecode.swift; path = NativeNotificationScheduler.swift; sourceTree = "<group>"; };
		834D0CB07343F5BA04275170 /* KeychainSessionStore.swift */ = {isa = PBXFileReference; lastKnownFileType = sourcecode.swift; path = KeychainSessionStore.swift; sourceTree = "<group>"; };
		871BD4E6C5423FBBB43C168D /* ReminderStore.swift */ = {isa = PBXFileReference; lastKnownFileType = sourcecode.swift; path = ReminderStore.swift; sourceTree = "<group>"; };
		901DD1227751F518D3265B4B /* AppRuntimeBoundary.swift */ = {isa = PBXFileReference; lastKnownFileType = sourcecode.swift; path = AppRuntimeBoundary.swift; sourceTree = "<group>"; };
		9B2DF20B40B53767A8A8656D /* AuthGateView.swift */ = {isa = PBXFileReference; lastKnownFileType = sourcecode.swift; path = AuthGateView.swift; sourceTree = "<group>"; };
		9B3873F2C7A6AEBD1AFB0561 /* ReminderFormView.swift */ = {isa = PBXFileReference; lastKnownFileType = sourcecode.swift; path = ReminderFormView.swift; sourceTree = "<group>"; };
		A50C26D6E893A7ED48A6BB03 /* ReminderModels.swift */ = {isa = PBXFileReference; lastKnownFileType = sourcecode.swift; path = ReminderModels.swift; sourceTree = "<group>"; };
		A6A831A22DE6C20BC44B1AC8 /* SavyShellComponents.swift */ = {isa = PBXFileReference; lastKnownFileType = sourcecode.swift; path = SavyShellComponents.swift; sourceTree = "<group>"; };
		AA30048EC8E5615CFB651053 /* SavyReminderScreens.swift */ = {isa = PBXFileReference; lastKnownFileType = sourcecode.swift; path = SavyReminderScreens.swift; sourceTree = "<group>"; };
		ABE0950195FA99739FEAC0D6 /* AuthenticationStore.swift */ = {isa = PBXFileReference; lastKnownFileType = sourcecode.swift; path = AuthenticationStore.swift; sourceTree = "<group>"; };
		B54FEFBEF48D0376704923F0 /* BodoniModa-Regular.ttf */ = {isa = PBXFileReference; lastKnownFileType = file; path = "BodoniModa-Regular.ttf"; sourceTree = "<group>"; };
		B62835A3E93CCCE1E25CCDA2 /* MetadataEntryStore.swift */ = {isa = PBXFileReference; lastKnownFileType = sourcecode.swift; path = MetadataEntryStore.swift; sourceTree = "<group>"; };
		B628940E009E8560B8D9EF50 /* BeliefEntryDisplay.swift */ = {isa = PBXFileReference; lastKnownFileType = sourcecode.swift; path = BeliefEntryDisplay.swift; sourceTree = "<group>"; };
		BA02A326CF8327C0B2833F07 /* RootView.swift */ = {isa = PBXFileReference; lastKnownFileType = sourcecode.swift; path = RootView.swift; sourceTree = "<group>"; };
		BB21E7E709F5315C8570F028 /* SAVYTests.xctest */ = {isa = PBXFileReference; includeInIndex = 0; lastKnownFileType = wrapper.cfbundle; path = SAVYTests.xctest; sourceTree = BUILT_PRODUCTS_DIR; };
		BD27DC0149E185D0D3F20D07 /* SavyTypography.swift */ = {isa = PBXFileReference; lastKnownFileType = sourcecode.swift; path = SavyTypography.swift; sourceTree = "<group>"; };
		BDBCD45614EE9024C26E8476 /* Roboto-Medium.ttf */ = {isa = PBXFileReference; lastKnownFileType = file; path = "Roboto-Medium.ttf"; sourceTree = "<group>"; };
		BE63B27DF6EFB1D75DC8FB0A /* SAVYApp.swift */ = {isa = PBXFileReference; lastKnownFileType = sourcecode.swift; path = SAVYApp.swift; sourceTree = "<group>"; };
		C37D6C6C19501D7A09690DBC /* AuthSession.swift */ = {isa = PBXFileReference; lastKnownFileType = sourcecode.swift; path = AuthSession.swift; sourceTree = "<group>"; };
		C471C0DAFF40B2987170667F /* ConnectionView.swift */ = {isa = PBXFileReference; lastKnownFileType = sourcecode.swift; path = ConnectionView.swift; sourceTree = "<group>"; };
		CF17793E9766BDD8C770DF69 /* SAVYReminderActionCalendarUITests.swift */ = {isa = PBXFileReference; lastKnownFileType = sourcecode.swift; path = SAVYReminderActionCalendarUITests.swift; sourceTree = "<group>"; };
		D831D78FD50C7055D086693B /* CalendarView.swift */ = {isa = PBXFileReference; lastKnownFileType = sourcecode.swift; path = CalendarView.swift; sourceTree = "<group>"; };
		DA7BB7AA8C7BCE337E18D90E /* ReminderLocationProvider.swift */ = {isa = PBXFileReference; lastKnownFileType = sourcecode.swift; path = ReminderLocationProvider.swift; sourceTree = "<group>"; };
		DBF301632E7B7DDBCB4E2E96 /* ReminderNotificationScheduler.swift */ = {isa = PBXFileReference; lastKnownFileType = sourcecode.swift; path = ReminderNotificationScheduler.swift; sourceTree = "<group>"; };
		E1D0B59B31ED879E86FA80A2 /* SavyNavigation.swift */ = {isa = PBXFileReference; lastKnownFileType = sourcecode.swift; path = SavyNavigation.swift; sourceTree = "<group>"; };
		E4E7E8BF9260C3CE66E04A7B /* AWSGraphDiagnostic.swift */ = {isa = PBXFileReference; lastKnownFileType = sourcecode.swift; path = AWSGraphDiagnostic.swift; sourceTree = "<group>"; };
		F1897465A9930CD0D7A40A65 /* ReminderBrandTheme.swift */ = {isa = PBXFileReference; lastKnownFileType = sourcecode.swift; path = ReminderBrandTheme.swift; sourceTree = "<group>"; };
		"TEMP_123F07C4-D6AC-4803-BEB9-421DFC10C7E8" /* SAVY.xcconfig */ = {isa = PBXFileReference; lastKnownFileType = text.xcconfig; path = SAVY.xcconfig; sourceTree = "<group>"; };
/* End PBXFileReference section */

/* Begin PBXFrameworksBuildPhase section */
		E3D228C383E38A09A4888AC0 /* Frameworks */ = {
			isa = PBXFrameworksBuildPhase;
			buildActionMask = 2147483647;
			files = (
				19214B7721DC2F78026511BE /* Amplify in Frameworks */,
				C8AF92E504C468AF17F3B019 /* AWSCognitoAuthPlugin in Frameworks */,
				664EB67BC67D378B061A9F6E /* AWSPluginsCore in Frameworks */,
			);
			runOnlyForDeploymentPostprocessing = 0;
		};
/* End PBXFrameworksBuildPhase section */

/* Begin PBXGroup section */
		2B1FBB9014C427ADF4F73315 /* Products */ = {
			isa = PBXGroup;
			children = (
				81B8D9162176E51C28F60467 /* SAVY.app */,
				BB21E7E709F5315C8570F028 /* SAVYTests.xctest */,
				5503A99385004788C0010715 /* SAVYUITests.xctest */,
			);
			name = Products;
			sourceTree = "<group>";
		};
		4E1C7663B69B585EFDC6C123 = {
			isa = PBXGroup;
			children = (
				98F24F8E60B5F6D6B4417B74 /* SAVY */,
				54384D66314DE9A7C58CAF7D /* SAVYTests */,
				B04A7A0C7EE66517EEA3C9AB /* SAVYUITests */,
				2B1FBB9014C427ADF4F73315 /* Products */,
			);
			sourceTree = "<group>";
		};
		54384D66314DE9A7C58CAF7D /* SAVYTests */ = {
			isa = PBXGroup;
			children = (
				664A564B57E2C8B78C2C1661 /* SAVYNativeBoundaryTests.swift */,
			);
			path = SAVYTests;
			sourceTree = "<group>";
		};
		91ECB28D206394A46BDB0729 /* Fonts */ = {
			isa = PBXGroup;
			children = (
				B54FEFBEF48D0376704923F0 /* BodoniModa-Regular.ttf */,
				BDBCD45614EE9024C26E8476 /* Roboto-Medium.ttf */,
			);
			path = Fonts;
			sourceTree = "<group>";
		};
		98F24F8E60B5F6D6B4417B74 /* SAVY */ = {
			isa = PBXGroup;
			children = (
				309B4F10E8CE7EE4541EAB90 /* AmplifyAuthService.swift */,
				71BED1D3FCF0C25EB8E2B51F /* amplifyconfiguration.json */,
				901DD1227751F518D3265B4B /* AppRuntimeBoundary.swift */,
				78F623BD250D3308A5C58730 /* Assets.xcassets */,
				ABE0950195FA99739FEAC0D6 /* AuthenticationStore.swift */,
				9B2DF20B40B53767A8A8656D /* AuthGateView.swift */,
				C37D6C6C19501D7A09690DBC /* AuthSession.swift */,
				17179B6886F43D8A8BB3911C /* AWSGraphClient.swift */,
				E4E7E8BF9260C3CE66E04A7B /* AWSGraphDiagnostic.swift */,
				B628940E009E8560B8D9EF50 /* BeliefEntryDisplay.swift */,
				1980712932DAA83D9DFD66AB /* BiometricUnlocker.swift */,
				D831D78FD50C7055D086693B /* CalendarView.swift */,
				0DA56611B45F0D0FC844211C /* CaptureEntry.swift */,
				7E869D9555384C4E876A5056 /* CaptureStore.swift */,
				C471C0DAFF40B2987170667F /* ConnectionView.swift */,
				44B158E4E3B37B90666E0541 /* Info.plist */,
				834D0CB07343F5BA04275170 /* KeychainSessionStore.swift */,
				1BD761F7DE8C3F6784C607CC /* LeverageContent.swift */,
				6C6C144C69E4ECE420740763 /* LeverageDataStore.swift */,
				451BB5DA28F4CB244411B091 /* LeverageModels.swift */,
				5D2C98AAE037C6FD17F3D409 /* LocalImageStore.swift */,
				777974A93BA9AD820FAE420F /* MetadataEntry.swift */,
				B62835A3E93CCCE1E25CCDA2 /* MetadataEntryStore.swift */,
				826F7F00C571ECDD018421A2 /* NativeNotificationScheduler.swift */,
				F1897465A9930CD0D7A40A65 /* ReminderBrandTheme.swift */,
				9B3873F2C7A6AEBD1AFB0561 /* ReminderFormView.swift */,
				DA7BB7AA8C7BCE337E18D90E /* ReminderLocationProvider.swift */,
				A50C26D6E893A7ED48A6BB03 /* ReminderModels.swift */,
				DBF301632E7B7DDBCB4E2E96 /* ReminderNotificationScheduler.swift */,
				4102AF21CEECC9B183B07C38 /* ReminderRepository.swift */,
				871BD4E6C5423FBBB43C168D /* ReminderStore.swift */,
				BA02A326CF8327C0B2833F07 /* RootView.swift */,
				BE63B27DF6EFB1D75DC8FB0A /* SAVYApp.swift */,
				13CD74063706864F16360321 /* SavyLocationProvider.swift */,
				E1D0B59B31ED879E86FA80A2 /* SavyNavigation.swift */,
				AA30048EC8E5615CFB651053 /* SavyReminderScreens.swift */,
				A6A831A22DE6C20BC44B1AC8 /* SavyShellComponents.swift */,
				1AB98C88BA63D0971CEB1742 /* SavyTabIcons.swift */,
				BD27DC0149E185D0D3F20D07 /* SavyTypography.swift */,
				91ECB28D206394A46BDB0729 /* Fonts */,
			);
			path = SAVY;
			sourceTree = "<group>";
		};
		B04A7A0C7EE66517EEA3C9AB /* SAVYUITests */ = {
			isa = PBXGroup;
			children = (
				CF17793E9766BDD8C770DF69 /* SAVYReminderActionCalendarUITests.swift */,
			);
			path = SAVYUITests;
			sourceTree = "<group>";
		};
		"TEMP_4F33075E-0BCD-4130-8529-7BA2CCCC38D1" /* SAVY-iOS */ = {
			isa = PBXGroup;
			children = (
				"TEMP_123F07C4-D6AC-4803-BEB9-421DFC10C7E8" /* SAVY.xcconfig */,
			);
			path = "SAVY-iOS";
			sourceTree = "<group>";
		};
/* End PBXGroup section */

/* Begin PBXNativeTarget section */
		C5F0F32DCB930F81E2318BB8 /* SAVYTests */ = {
			isa = PBXNativeTarget;
			buildConfigurationList = 3CC78B103A1AA4097AC2D70A /* Build configuration list for PBXNativeTarget "SAVYTests" */;
			buildPhases = (
				B7BBAFF9B8A1CC4C99E7403E /* Sources */,
			);
			buildRules = (
			);
			dependencies = (
				B5B3D720466DA4678875063A /* PBXTargetDependency */,
			);
			name = SAVYTests;
			packageProductDependencies = (
			);
			productName = SAVYTests;
			productReference = BB21E7E709F5315C8570F028 /* SAVYTests.xctest */;
			productType = "com.apple.product-type.bundle.unit-test";
		};
		C786FF3174742FDC23101F57 /* SAVYUITests */ = {
			isa = PBXNativeTarget;
			buildConfigurationList = 05999B86809C7D1FF67C6233 /* Build configuration list for PBXNativeTarget "SAVYUITests" */;
			buildPhases = (
				305CABF28A85E1E4D062491D /* Sources */,
			);
			buildRules = (
			);
			dependencies = (
				D78EEBE08EC1A5F097A24E5C /* PBXTargetDependency */,
			);
			name = SAVYUITests;
			packageProductDependencies = (
			);
			productName = SAVYUITests;
			productReference = 5503A99385004788C0010715 /* SAVYUITests.xctest */;
			productType = "com.apple.product-type.bundle.ui-testing";
		};
		F9770833D9C90E9EA5883D75 /* SAVY */ = {
			isa = PBXNativeTarget;
			buildConfigurationList = 5015091B840EA212AC21733E /* Build configuration list for PBXNativeTarget "SAVY" */;
			buildPhases = (
				D55E3BE5696C587E1340EAAF /* Sources */,
				57FEF98F7A73F4A097EFBCE3 /* Resources */,
				E3D228C383E38A09A4888AC0 /* Frameworks */,
			);
			buildRules = (
			);
			dependencies = (
			);
			name = SAVY;
			packageProductDependencies = (
				34AD5BAF02D35CE78F6549C4 /* Amplify */,
				DE00E65E2BEA2B7AF9BFD1A0 /* AWSCognitoAuthPlugin */,
				CC2B8E911A770411A945616A /* AWSPluginsCore */,
			);
			productName = SAVY;
			productReference = 81B8D9162176E51C28F60467 /* SAVY.app */;
			productType = "com.apple.product-type.application";
		};
/* End PBXNativeTarget section */

/* Begin PBXProject section */
		3DA3A1EAB03B2D0873868AC9 /* Project object */ = {
			isa = PBXProject;
			attributes = {
				BuildIndependentTargetsInParallel = YES;
				LastUpgradeCheck = 1430;
				TargetAttributes = {
					C5F0F32DCB930F81E2318BB8 = {
						DevelopmentTeam = 7FKUS5M5QS;
						ProvisioningStyle = Automatic;
					};
					C786FF3174742FDC23101F57 = {
						DevelopmentTeam = 7FKUS5M5QS;
						ProvisioningStyle = Automatic;
						TestTargetID = F9770833D9C90E9EA5883D75;
					};
					F9770833D9C90E9EA5883D75 = {
						DevelopmentTeam = 7FKUS5M5QS;
						ProvisioningStyle = Automatic;
					};
				};
			};
			buildConfigurationList = 1EFCF4CEB870700C869A72C2 /* Build configuration list for PBXProject "SAVY" */;
			developmentRegion = en;
			hasScannedForEncodings = 0;
			knownRegions = (
				Base,
				en,
			);
			mainGroup = 4E1C7663B69B585EFDC6C123;
			minimizedProjectReferenceProxies = 1;
			packageReferences = (
				68776AC4B899A0D049FDE586 /* XCRemoteSwiftPackageReference "amplify-swift" */,
			);
			preferredProjectObjectVersion = 77;
			productRefGroup = 2B1FBB9014C427ADF4F73315 /* Products */;
			projectDirPath = "";
			projectRoot = "";
			targets = (
				F9770833D9C90E9EA5883D75 /* SAVY */,
				C5F0F32DCB930F81E2318BB8 /* SAVYTests */,
				C786FF3174742FDC23101F57 /* SAVYUITests */,
			);
		};
/* End PBXProject section */

/* Begin PBXResourcesBuildPhase section */
		57FEF98F7A73F4A097EFBCE3 /* Resources */ = {
			isa = PBXResourcesBuildPhase;
			buildActionMask = 2147483647;
			files = (
				09B7E4626804496E1984EDFF /* Assets.xcassets in Resources */,
				36DD3D2EEA72D150910202CC /* BodoniModa-Regular.ttf in Resources */,
				3F8FE417FB159DD5CC726CA6 /* Roboto-Medium.ttf in Resources */,
				BC6829860ABA267D108308E1 /* amplifyconfiguration.json in Resources */,
			);
			runOnlyForDeploymentPostprocessing = 0;
		};
/* End PBXResourcesBuildPhase section */

/* Begin PBXSourcesBuildPhase section */
		305CABF28A85E1E4D062491D /* Sources */ = {
			isa = PBXSourcesBuildPhase;
			buildActionMask = 2147483647;
			files = (
				E7F5F0E200B631EE00F748F4 /* SAVYReminderActionCalendarUITests.swift in Sources */,
			);
			runOnlyForDeploymentPostprocessing = 0;
		};
		B7BBAFF9B8A1CC4C99E7403E /* Sources */ = {
			isa = PBXSourcesBuildPhase;
			buildActionMask = 2147483647;
			files = (
				75CFCED8B79BC2D6C61D4BDC /* SAVYNativeBoundaryTests.swift in Sources */,
			);
			runOnlyForDeploymentPostprocessing = 0;
		};
		D55E3BE5696C587E1340EAAF /* Sources */ = {
			isa = PBXSourcesBuildPhase;
			buildActionMask = 2147483647;
			files = (
				1F81165E193B169485545DDD /* AWSGraphClient.swift in Sources */,
				F6F01445457DD9AD6544F48D /* AWSGraphDiagnostic.swift in Sources */,
				9F6BC503481DB377D87643B2 /* AmplifyAuthService.swift in Sources */,
				0D0A57207DA072F43E1862AC /* AppRuntimeBoundary.swift in Sources */,
				3F2B98948BEA2C1E3D499561 /* AuthGateView.swift in Sources */,
				10E4339CF3515D36E2A66AAB /* AuthSession.swift in Sources */,
				2F99A401D34AE9874D9DC0C1 /* AuthenticationStore.swift in Sources */,
				87D855FACC418AF0944607BD /* BeliefEntryDisplay.swift in Sources */,
				FF94BAD45782F70A66588AAB /* BiometricUnlocker.swift in Sources */,
				8066C740B4B0BDADEA45B999 /* CalendarView.swift in Sources */,
				1F0E305B0865D0800425DAC5 /* CaptureEntry.swift in Sources */,
				5F11AD82C6365074CA1A87A7 /* CaptureStore.swift in Sources */,
				EEA7A83657C73B2AD5CC2374 /* ConnectionView.swift in Sources */,
				B08901980D703317D3D7D0D7 /* KeychainSessionStore.swift in Sources */,
				57E78791EDB9525E26984968 /* LeverageContent.swift in Sources */,
				BB70759B7D2FF0F8C19F5641 /* LeverageDataStore.swift in Sources */,
				248A9C5F73ABF9BB58FDD8AF /* LeverageModels.swift in Sources */,
				CA1D59D86BCA442507A85B23 /* LocalImageStore.swift in Sources */,
				7B85CB7B937BD41199D6A024 /* MetadataEntry.swift in Sources */,
				35D52FC6DAAFF4C35E38B654 /* MetadataEntryStore.swift in Sources */,
				8BC975E4F41657E0093670AB /* NativeNotificationScheduler.swift in Sources */,
				A89DAF0D5D6D98E9E78EE6FC /* ReminderBrandTheme.swift in Sources */,
				1BD0BEF6DD141ABC2A8412B5 /* ReminderFormView.swift in Sources */,
				5B9B549AF1A3816E6A154BA0 /* ReminderLocationProvider.swift in Sources */,
				C9960738D9435B15A59E10C1 /* ReminderModels.swift in Sources */,
				958C686D7303C29C8B8407C9 /* ReminderNotificationScheduler.swift in Sources */,
				1BC480F076BA7FF0EE901491 /* ReminderRepository.swift in Sources */,
				112871D3E216094034CC342B /* ReminderStore.swift in Sources */,
				91BDC3FB046133C9C67A83DA /* RootView.swift in Sources */,
				1B367673938BEF897C285682 /* SAVYApp.swift in Sources */,
				D4978EC1F20F344B087862B3 /* SavyLocationProvider.swift in Sources */,
				91EA48E78D5BAC34666F30A4 /* SavyNavigation.swift in Sources */,
				DA958E6153EFC6478AD8DCDA /* SavyReminderScreens.swift in Sources */,
				AAA2D77A09E280E865841C8C /* SavyShellComponents.swift in Sources */,
				30E1FAF4AAEA57F8E140455B /* SavyTabIcons.swift in Sources */,
				767584B8B60F76528EFEA089 /* SavyTypography.swift in Sources */,
			);
			runOnlyForDeploymentPostprocessing = 0;
		};
/* End PBXSourcesBuildPhase section */

/* Begin PBXTargetDependency section */
		B5B3D720466DA4678875063A /* PBXTargetDependency */ = {
			isa = PBXTargetDependency;
			target = F9770833D9C90E9EA5883D75 /* SAVY */;
			targetProxy = BAC460F0FEADEE8458061E9E /* PBXContainerItemProxy */;
		};
		D78EEBE08EC1A5F097A24E5C /* PBXTargetDependency */ = {
			isa = PBXTargetDependency;
			target = F9770833D9C90E9EA5883D75 /* SAVY */;
			targetProxy = 15FB44BCC65BA1A790448C18 /* PBXContainerItemProxy */;
		};
/* End PBXTargetDependency section */

/* Begin XCBuildConfiguration section */
		377CFB8BE2AD3D588F9A36E1 /* Debug */ = {
			isa = XCBuildConfiguration;
			baseConfigurationReference = "TEMP_123F07C4-D6AC-4803-BEB9-421DFC10C7E8" /* SAVY.xcconfig */;
			buildSettings = {
				ASSETCATALOG_COMPILER_APPICON_NAME = AppIcon;
				ASSETCATALOG_COMPILER_GLOBAL_ACCENT_COLOR_NAME = AccentColor;
				CODE_SIGN_IDENTITY = "iPhone Developer";
				ENABLE_DEBUG_DYLIB = NO;
				GENERATE_INFOPLIST_FILE = NO;
				INFOPLIST_FILE = SAVY/Info.plist;
				LD_RUNPATH_SEARCH_PATHS = (
					"$(inherited)",
					"@executable_path/Frameworks",
				);
				PRODUCT_BUNDLE_IDENTIFIER = com.adamblair.savy;
				SDKROOT = iphoneos;
				TARGETED_DEVICE_FAMILY = 1;
			};
			name = Debug;
		};
		50757DE45B41C58E98F1E0E1 /* Release */ = {
			isa = XCBuildConfiguration;
			buildSettings = {
				BUNDLE_LOADER = "$(TEST_HOST)";
				GENERATE_INFOPLIST_FILE = YES;
				LD_RUNPATH_SEARCH_PATHS = (
					"$(inherited)",
					"@executable_path/Frameworks",
					"@loader_path/Frameworks",
				);
				PRODUCT_BUNDLE_IDENTIFIER = com.adamblair.savy.uitests;
				SDKROOT = iphoneos;
				TARGETED_DEVICE_FAMILY = "1,2";
				TEST_TARGET_NAME = SAVY;
			};
			name = Release;
		};
		61E8E854BDC7A9E96CC7D5D5 /* Debug */ = {
			isa = XCBuildConfiguration;
			buildSettings = {
				ALWAYS_SEARCH_USER_PATHS = NO;
				CLANG_ANALYZER_NONNULL = YES;
				CLANG_ANALYZER_NUMBER_OBJECT_CONVERSION = YES_AGGRESSIVE;
				CLANG_CXX_LANGUAGE_STANDARD = "gnu++14";
				CLANG_CXX_LIBRARY = "libc++";
				CLANG_ENABLE_MODULES = YES;
				CLANG_ENABLE_OBJC_ARC = YES;
				CLANG_ENABLE_OBJC_WEAK = YES;
				CLANG_WARN_BLOCK_CAPTURE_AUTORELEASING = YES;
				CLANG_WARN_BOOL_CONVERSION = YES;
				CLANG_WARN_COMMA = YES;
				CLANG_WARN_CONSTANT_CONVERSION = YES;
				CLANG_WARN_DEPRECATED_OBJC_IMPLEMENTATIONS = YES;
				CLANG_WARN_DIRECT_OBJC_ISA_USAGE = YES_ERROR;
				CLANG_WARN_DOCUMENTATION_COMMENTS = YES;
				CLANG_WARN_EMPTY_BODY = YES;
				CLANG_WARN_ENUM_CONVERSION = YES;
				CLANG_WARN_INFINITE_RECURSION = YES;
				CLANG_WARN_INT_CONVERSION = YES;
				CLANG_WARN_NON_LITERAL_NULL_CONVERSION = YES;
				CLANG_WARN_OBJC_IMPLICIT_RETAIN_SELF = YES;
				CLANG_WARN_OBJC_LITERAL_CONVERSION = YES;
				CLANG_WARN_OBJC_ROOT_CLASS = YES_ERROR;
				CLANG_WARN_QUOTED_INCLUDE_IN_FRAMEWORK_HEADER = YES;
				CLANG_WARN_RANGE_LOOP_ANALYSIS = YES;
				CLANG_WARN_STRICT_PROTOTYPES = YES;
				CLANG_WARN_SUSPICIOUS_MOVE = YES;
				CLANG_WARN_UNGUARDED_AVAILABILITY = YES_AGGRESSIVE;
				CLANG_WARN_UNREACHABLE_CODE = YES;
				CLANG_WARN__DUPLICATE_METHOD_MATCH = YES;
				CODE_SIGN_STYLE = Automatic;
				COPY_PHASE_STRIP = NO;
				DEBUG_INFORMATION_FORMAT = dwarf;
				DEVELOPMENT_TEAM = 7FKUS5M5QS;
				ENABLE_STRICT_OBJC_MSGSEND = YES;
				ENABLE_TESTABILITY = YES;
				GCC_C_LANGUAGE_STANDARD = gnu11;
				GCC_DYNAMIC_NO_PIC = NO;
				GCC_NO_COMMON_BLOCKS = YES;
				GCC_OPTIMIZATION_LEVEL = 0;
				GCC_PREPROCESSOR_DEFINITIONS = (
					"$(inherited)",
					"DEBUG=1",
				);
				GCC_WARN_64_TO_32_BIT_CONVERSION = YES;
				GCC_WARN_ABOUT_RETURN_TYPE = YES_ERROR;
				GCC_WARN_UNDECLARED_SELECTOR = YES;
				GCC_WARN_UNINITIALIZED_AUTOS = YES_AGGRESSIVE;
				GCC_WARN_UNUSED_FUNCTION = YES;
				GCC_WARN_UNUSED_VARIABLE = YES;
				IPHONEOS_DEPLOYMENT_TARGET = 18.0;
				MTL_ENABLE_DEBUG_INFO = INCLUDE_SOURCE;
				MTL_FAST_MATH = YES;
				ONLY_ACTIVE_ARCH = YES;
				PRODUCT_NAME = "$(TARGET_NAME)";
				SDKROOT = iphoneos;
				SWIFT_ACTIVE_COMPILATION_CONDITIONS = DEBUG;
				SWIFT_OPTIMIZATION_LEVEL = "-Onone";
				SWIFT_VERSION = 6.0;
			};
			name = Debug;
		};
		7FD78C530D97A9157DC234B1 /* Debug */ = {
			isa = XCBuildConfiguration;
			buildSettings = {
				BUNDLE_LOADER = "$(TEST_HOST)";
				GENERATE_INFOPLIST_FILE = YES;
				LD_RUNPATH_SEARCH_PATHS = (
					"$(inherited)",
					"@executable_path/Frameworks",
					"@loader_path/Frameworks",
				);
				PRODUCT_BUNDLE_IDENTIFIER = com.adamblair.savy.uitests;
				SDKROOT = iphoneos;
				TARGETED_DEVICE_FAMILY = "1,2";
				TEST_TARGET_NAME = SAVY;
			};
			name = Debug;
		};
		8ED946932197A99F1C4A62E8 /* Release */ = {
			isa = XCBuildConfiguration;
			buildSettings = {
				BUNDLE_LOADER = "$(TEST_HOST)";
				GENERATE_INFOPLIST_FILE = YES;
				LD_RUNPATH_SEARCH_PATHS = (
					"$(inherited)",
					"@executable_path/Frameworks",
					"@loader_path/Frameworks",
				);
				PRODUCT_BUNDLE_IDENTIFIER = com.adamblair.savy.tests;
				SDKROOT = iphoneos;
				TARGETED_DEVICE_FAMILY = "1,2";
				TEST_HOST = "$(BUILT_PRODUCTS_DIR)/SAVY.app/$(BUNDLE_EXECUTABLE_FOLDER_PATH)/SAVY";
			};
			name = Release;
		};
		E94300B44DE7602F47E219CF /* Debug */ = {
			isa = XCBuildConfiguration;
			buildSettings = {
				BUNDLE_LOADER = "$(TEST_HOST)";
				GENERATE_INFOPLIST_FILE = YES;
				LD_RUNPATH_SEARCH_PATHS = (
					"$(inherited)",
					"@executable_path/Frameworks",
					"@loader_path/Frameworks",
				);
				PRODUCT_BUNDLE_IDENTIFIER = com.adamblair.savy.tests;
				SDKROOT = iphoneos;
				TARGETED_DEVICE_FAMILY = "1,2";
				TEST_HOST = "$(BUILT_PRODUCTS_DIR)/SAVY.app/$(BUNDLE_EXECUTABLE_FOLDER_PATH)/SAVY";
			};
			name = Debug;
		};
		EEF21691D2CC21239BA5B2DC /* Release */ = {
			isa = XCBuildConfiguration;
			baseConfigurationReference = "TEMP_123F07C4-D6AC-4803-BEB9-421DFC10C7E8" /* SAVY.xcconfig */;
			buildSettings = {
				ASSETCATALOG_COMPILER_APPICON_NAME = AppIcon;
				ASSETCATALOG_COMPILER_GLOBAL_ACCENT_COLOR_NAME = AccentColor;
				CODE_SIGN_IDENTITY = "iPhone Developer";
				ENABLE_DEBUG_DYLIB = NO;
				GENERATE_INFOPLIST_FILE = NO;
				INFOPLIST_FILE = SAVY/Info.plist;
				LD_RUNPATH_SEARCH_PATHS = (
					"$(inherited)",
					"@executable_path/Frameworks",
				);
				PRODUCT_BUNDLE_IDENTIFIER = com.adamblair.savy;
				SDKROOT = iphoneos;
				TARGETED_DEVICE_FAMILY = 1;
			};
			name = Release;
		};
		FEA86A4A676C183A7C3CED56 /* Release */ = {
			isa = XCBuildConfiguration;
			buildSettings = {
				ALWAYS_SEARCH_USER_PATHS = NO;
				CLANG_ANALYZER_NONNULL = YES;
				CLANG_ANALYZER_NUMBER_OBJECT_CONVERSION = YES_AGGRESSIVE;
				CLANG_CXX_LANGUAGE_STANDARD = "gnu++14";
				CLANG_CXX_LIBRARY = "libc++";
				CLANG_ENABLE_MODULES = YES;
				CLANG_ENABLE_OBJC_ARC = YES;
				CLANG_ENABLE_OBJC_WEAK = YES;
				CLANG_WARN_BLOCK_CAPTURE_AUTORELEASING = YES;
				CLANG_WARN_BOOL_CONVERSION = YES;
				CLANG_WARN_COMMA = YES;
				CLANG_WARN_CONSTANT_CONVERSION = YES;
				CLANG_WARN_DEPRECATED_OBJC_IMPLEMENTATIONS = YES;
				CLANG_WARN_DIRECT_OBJC_ISA_USAGE = YES_ERROR;
				CLANG_WARN_DOCUMENTATION_COMMENTS = YES;
				CLANG_WARN_EMPTY_BODY = YES;
				CLANG_WARN_ENUM_CONVERSION = YES;
				CLANG_WARN_INFINITE_RECURSION = YES;
				CLANG_WARN_INT_CONVERSION = YES;
				CLANG_WARN_NON_LITERAL_NULL_CONVERSION = YES;
				CLANG_WARN_OBJC_IMPLICIT_RETAIN_SELF = YES;
				CLANG_WARN_OBJC_LITERAL_CONVERSION = YES;
				CLANG_WARN_OBJC_ROOT_CLASS = YES_ERROR;
				CLANG_WARN_QUOTED_INCLUDE_IN_FRAMEWORK_HEADER = YES;
				CLANG_WARN_RANGE_LOOP_ANALYSIS = YES;
				CLANG_WARN_STRICT_PROTOTYPES = YES;
				CLANG_WARN_SUSPICIOUS_MOVE = YES;
				CLANG_WARN_UNGUARDED_AVAILABILITY = YES_AGGRESSIVE;
				CLANG_WARN_UNREACHABLE_CODE = YES;
				CLANG_WARN__DUPLICATE_METHOD_MATCH = YES;
				CODE_SIGN_STYLE = Automatic;
				COPY_PHASE_STRIP = NO;
				DEBUG_INFORMATION_FORMAT = "dwarf-with-dsym";
				DEVELOPMENT_TEAM = 7FKUS5M5QS;
				ENABLE_NS_ASSERTIONS = NO;
				ENABLE_STRICT_OBJC_MSGSEND = YES;
				GCC_C_LANGUAGE_STANDARD = gnu11;
				GCC_NO_COMMON_BLOCKS = YES;
				GCC_WARN_64_TO_32_BIT_CONVERSION = YES;
				GCC_WARN_ABOUT_RETURN_TYPE = YES_ERROR;
				GCC_WARN_UNDECLARED_SELECTOR = YES;
				GCC_WARN_UNINITIALIZED_AUTOS = YES_AGGRESSIVE;
				GCC_WARN_UNUSED_FUNCTION = YES;
				GCC_WARN_UNUSED_VARIABLE = YES;
				IPHONEOS_DEPLOYMENT_TARGET = 18.0;
				MTL_ENABLE_DEBUG_INFO = NO;
				MTL_FAST_MATH = YES;
				PRODUCT_NAME = "$(TARGET_NAME)";
				SDKROOT = iphoneos;
				SWIFT_COMPILATION_MODE = wholemodule;
				SWIFT_OPTIMIZATION_LEVEL = "-O";
				SWIFT_VERSION = 6.0;
			};
			name = Release;
		};
/* End XCBuildConfiguration section */

/* Begin XCConfigurationList section */
		05999B86809C7D1FF67C6233 /* Build configuration list for PBXNativeTarget "SAVYUITests" */ = {
			isa = XCConfigurationList;
			buildConfigurations = (
				7FD78C530D97A9157DC234B1 /* Debug */,
				50757DE45B41C58E98F1E0E1 /* Release */,
			);
			defaultConfigurationIsVisible = 0;
			defaultConfigurationName = Debug;
		};
		1EFCF4CEB870700C869A72C2 /* Build configuration list for PBXProject "SAVY" */ = {
			isa = XCConfigurationList;
			buildConfigurations = (
				61E8E854BDC7A9E96CC7D5D5 /* Debug */,
				FEA86A4A676C183A7C3CED56 /* Release */,
			);
			defaultConfigurationIsVisible = 0;
			defaultConfigurationName = Debug;
		};
		3CC78B103A1AA4097AC2D70A /* Build configuration list for PBXNativeTarget "SAVYTests" */ = {
			isa = XCConfigurationList;
			buildConfigurations = (
				E94300B44DE7602F47E219CF /* Debug */,
				8ED946932197A99F1C4A62E8 /* Release */,
			);
			defaultConfigurationIsVisible = 0;
			defaultConfigurationName = Debug;
		};
		5015091B840EA212AC21733E /* Build configuration list for PBXNativeTarget "SAVY" */ = {
			isa = XCConfigurationList;
			buildConfigurations = (
				377CFB8BE2AD3D588F9A36E1 /* Debug */,
				EEF21691D2CC21239BA5B2DC /* Release */,
			);
			defaultConfigurationIsVisible = 0;
			defaultConfigurationName = Debug;
		};
/* End XCConfigurationList section */

/* Begin XCRemoteSwiftPackageReference section */
		68776AC4B899A0D049FDE586 /* XCRemoteSwiftPackageReference "amplify-swift" */ = {
			isa = XCRemoteSwiftPackageReference;
			repositoryURL = "https://github.com/aws-amplify/amplify-swift";
			requirement = {
				kind = upToNextMajorVersion;
				minimumVersion = 2.46.0;
			};
		};
/* End XCRemoteSwiftPackageReference section */

/* Begin XCSwiftPackageProductDependency section */
		34AD5BAF02D35CE78F6549C4 /* Amplify */ = {
			isa = XCSwiftPackageProductDependency;
			package = 68776AC4B899A0D049FDE586 /* XCRemoteSwiftPackageReference "amplify-swift" */;
			productName = Amplify;
		};
		CC2B8E911A770411A945616A /* AWSPluginsCore */ = {
			isa = XCSwiftPackageProductDependency;
			package = 68776AC4B899A0D049FDE586 /* XCRemoteSwiftPackageReference "amplify-swift" */;
			productName = AWSPluginsCore;
		};
		DE00E65E2BEA2B7AF9BFD1A0 /* AWSCognitoAuthPlugin */ = {
			isa = XCSwiftPackageProductDependency;
			package = 68776AC4B899A0D049FDE586 /* XCRemoteSwiftPackageReference "amplify-swift" */;
			productName = AWSCognitoAuthPlugin;
		};
/* End XCSwiftPackageProductDependency section */
	};
	rootObject = 3DA3A1EAB03B2D0873868AC9 /* Project object */;
}
